# THIS IS AN AUTOGENERATED FILE. DO NOT EDIT THIS FILE DIRECTLY.
# yarn lockfile v1


"@devcontainers/cli@^0.68.0":
  version "0.68.0"
  resolved "https://registry.yarnpkg.com/@devcontainers/cli/-/cli-0.68.0.tgz#e1c52dfdba973ef198cba12bb08475281cae9db9"
  integrity sha512-0uhLUUrQpR5d+6y8bt5kcn30BBemD+WJ1oLQyI6RUNpUkedrlMyAzN3J19PElx7jbY54x8WQRu450JiDLumYmw==

mustache@^4.2.0:
  version "4.2.0"
  resolved "https://registry.yarnpkg.com/mustache/-/mustache-4.2.0.tgz#e5892324d60a12ec9c2a73359edca52972bf6f64"
  integrity sha512-71ippSywq5Yb7/tVYyGbkBggbU8H3u5Rz56fH60jGFgr8uHwxs+aSKeqmluIVzM0m0kB7xQjKS6qPfd0b2ZoqQ==
